// !$*UTF8*$!
{
	archiveVersion = 1;
	classes = {
	};
	objectVersion = 56;
	objects = {

/* Begin PBXBuildFile section */
		EEEA204F2BB70D5800A2452D /* AppDelegate.swift in Sources */ = {isa = PBXBuildFile; fileRef = EEEA204E2BB70D5800A2452D /* AppDelegate.swift */; };
		EEEA20512BB70D5800A2452D /* SceneDelegate.swift in Sources */ = {isa = PBXBuildFile; fileRef = EEEA20502BB70D5800A2452D /* SceneDelegate.swift */; };
		EEEA20532BB70D5800A2452D /* ViewController.swift in Sources */ = {isa = PBXBuildFile; fileRef = EEEA20522BB70D5800A2452D /* ViewController.swift */; };
		EEEA20562BB70D5800A2452D /* Main.storyboard in Resources */ = {isa = PBXBuildFile; fileRef = EEEA20542BB70D5800A2452D /* Main.storyboard */; };
		EEEA20582BB70D5900A2452D /* Assets.xcassets in Resources */ = {isa = PBXBuildFile; fileRef = EEEA20572BB70D5900A2452D /* Assets.xcassets */; };
		EEEA205B2BB70D5900A2452D /* LaunchScreen.storyboard in Resources */ = {isa = PBXBuildFile; fileRef = EEEA20592BB70D5900A2452D /* LaunchScreen.storyboard */; };
		EEEA20662BB70D5900A2452D /* BirthdayNoteTakerTests.swift in Sources */ = {isa = PBXBuildFile; fileRef = EEEA20652BB70D5900A2452D /* BirthdayNoteTakerTests.swift */; };
		EEEA20702BB70D5900A2452D /* BirthdayNoteTakerUITests.swift in Sources */ = {isa = PBXBuildFile; fileRef = EEEA206F2BB70D5900A2452D /* BirthdayNoteTakerUITests.swift */; };
		EEEA20722BB70D5900A2452D /* BirthdayNoteTakerUITestsLaunchTests.swift in Sources */ = {isa = PBXBuildFile; fileRef = EEEA20712BB70D5900A2452D /* BirthdayNoteTakerUITestsLaunchTests.swift */; };
/* End PBXBuildFile section */

/* Begin PBXContainerItemProxy section */
		EEEA20622BB70D5900A2452D /* PBXContainerItemProxy */ = {
			isa = PBXContainerItemProxy;
			containerPortal = EEEA20432BB70D5800A2452D /* Project object */;
			proxyType = 1;
			remoteGlobalIDString = EEEA204A2BB70D5800A2452D;
			remoteInfo = BirthdayNoteTaker;
		};
		EEEA206C2BB70D5900A2452D /* PBXContainerItemProxy */ = {
			isa = PBXContainerItemProxy;
			containerPortal = EEEA20432BB70D5800A2452D /* Project object */;
			proxyType = 1;
			remoteGlobalIDString = EEEA204A2BB70D5800A2452D;
			remoteInfo = BirthdayNoteTaker;
		};
/* End PBXContainerItemProxy section */

/* Begin PBXFileReference section */
		EEEA204B2BB70D5800A2452D /* BirthdayNoteTaker.app */ = {isa = PBXFileReference; explicitFileType = wrapper.application; includeInIndex = 0; path = BirthdayNoteTaker.app; sourceTree = BUILT_PRODUCTS_DIR; };
		EEEA204E2BB70D5800A2452D /* AppDelegate.swift */ = {isa = PBXFileReference; lastKnownFileType = sourcecode.swift; path = AppDelegate.swift; sourceTree = "<group>"; };
		EEEA20502BB70D5800A2452D /* SceneDelegate.swift */ = {isa = PBXFileReference; lastKnownFileType = sourcecode.swift; path = SceneDelegate.swift; sourceTree = "<group>"; };
		EEEA20522BB70D5800A2452D /* ViewController.swift */ = {isa = PBXFileReference; lastKnownFileType = sourcecode.swift; path = ViewController.swift; sourceTree = "<group>"; };
		EEEA20552BB70D5800A2452D /* Base */ = {isa = PBXFileReference; lastKnownFileType = file.storyboard; name = Base; path = Base.lproj/Main.storyboard; sourceTree = "<group>"; };
		EEEA20572BB70D5900A2452D /* Assets.xcassets */ = {isa = PBXFileReference; lastKnownFileType = folder.assetcatalog; path = Assets.xcassets; sourceTree = "<group>"; };
		EEEA205A2BB70D5900A2452D /* Base */ = {isa = PBXFileReference; lastKnownFileType = file.storyboard; name = Base; path = Base.lproj/LaunchScreen.storyboard; sourceTree = "<group>"; };
		EEEA205C2BB70D5900A2452D /* Info.plist */ = {isa = PBXFileReference; lastKnownFileType = text.plist.xml; path = Info.plist; sourceTree = "<group>"; };
		EEEA20612BB70D5900A2452D /* BirthdayNoteTakerTests.xctest */ = {isa = PBXFileReference; explicitFileType = wrapper.cfbundle; includeInIndex = 0; path = BirthdayNoteTakerTests.xctest; sourceTree = BUILT_PRODUCTS_DIR; };
		EEEA20652BB70D5900A2452D /* BirthdayNoteTakerTests.swift */ = {isa = PBXFileReference; lastKnownFileType = sourcecode.swift; path = BirthdayNoteTakerTests.swift; sourceTree = "<group>"; };
		EEEA206B2BB70D5900A2452D /* BirthdayNoteTakerUITests.xctest */ = {isa = PBXFileReference; explicitFileType = wrapper.cfbundle; includeInIndex = 0; path = BirthdayNoteTakerUITests.xctest; sourceTree = BUILT_PRODUCTS_DIR; };
		EEEA206F2BB70D5900A2452D /* BirthdayNoteTakerUITests.swift */ = {isa = PBXFileReference; lastKnownFileType = sourcecode.swift; path = BirthdayNoteTakerUITests.swift; sourceTree = "<group>"; };
		EEEA20712BB70D5900A2452D /* BirthdayNoteTakerUITestsLaunchTests.swift */ = {isa = PBXFileReference; lastKnownFileType = sourcecode.swift; path = BirthdayNoteTakerUITestsLaunchTests.swift; sourceTree = "<group>"; };
/* End PBXFileReference section */

/* Begin PBXFrameworksBuildPhase section */
		EEEA20482BB70D5800A2452D /* Frameworks */ = {
			isa = PBXFrameworksBuildPhase;
			buildActionMask = 2147483647;
			files = (
			);
			runOnlyForDeploymentPostprocessing = 0;
		};
		EEEA205E2BB70D5900A2452D /* Frameworks */ = {
			isa = PBXFrameworksBuildPhase;
			buildActionMask = 2147483647;
			files = (
			);
			runOnlyForDeploymentPostprocessing = 0;
		};
		EEEA20682BB70D5900A2452D /* Frameworks */ = {
			isa = PBXFrameworksBuildPhase;
			buildActionMask = 2147483647;
			files = (
			);
			runOnlyForDeploymentPostprocessing = 0;
		};
/* End PBXFrameworksBuildPhase section */

/* Begin PBXGroup section */
		EEEA20422BB70D5800A2452D = {
			isa = PBXGroup;
			children = (
				EEEA204D2BB70D5800A2452D /* BirthdayNoteTaker */,
				EEEA20642BB70D5900A2452D /* BirthdayNoteTakerTests */,
				EEEA206E2BB70D5900A2452D /* BirthdayNoteTakerUITests */,
				EEEA204C2BB70D5800A2452D /* Products */,
			);
			sourceTree = "<group>";
		};
		EEEA204C2BB70D5800A2452D /* Products */ = {
			isa = PBXGroup;
			children = (
				EEEA204B2BB70D5800A2452D /* BirthdayNoteTaker.app */,
				EEEA20612BB70D5900A2452D /* BirthdayNoteTakerTests.xctest */,
				EEEA206B2BB70D5900A2452D /* BirthdayNoteTakerUITests.xctest */,
			);
			name = Products;
			sourceTree = "<group>";
		};
		EEEA204D2BB70D5800A2452D /* BirthdayNoteTaker */ = {
			isa = PBXGroup;
			children = (
				EEEA204E2BB70D5800A2452D /* AppDelegate.swift */,
				EEEA20502BB70D5800A2452D /* SceneDelegate.swift */,
				EEEA20522BB70D5800A2452D /* ViewController.swift */,
				EEEA20542BB70D5800A2452D /* Main.storyboard */,
				EEEA20572BB70D5900A2452D /* Assets.xcassets */,
				EEEA20592BB70D5900A2452D /* LaunchScreen.storyboard */,
				EEEA205C2BB70D5900A2452D /* Info.plist */,
			);
			path = BirthdayNoteTaker;
			sourceTree = "<group>";
		};
		EEEA20642BB70D5900A2452D /* BirthdayNoteTakerTests */ = {
			isa = PBXGroup;
			children = (
				EEEA20652BB70D5900A2452D /* BirthdayNoteTakerTests.swift */,
			);
			path = BirthdayNoteTakerTests;
			sourceTree = "<group>";
		};
		EEEA206E2BB70D5900A2452D /* BirthdayNoteTakerUITests */ = {
			isa = PBXGroup;
			children = (
				EEEA206F2BB70D5900A2452D /* BirthdayNoteTakerUITests.swift */,
				EEEA20712BB70D5900A2452D /* BirthdayNoteTakerUITestsLaunchTests.swift */,
			);
			path = BirthdayNoteTakerUITests;
			sourceTree = "<group>";
		};
/* End PBXGroup section */

/* Begin PBXNativeTarget section */
		EEEA204A2BB70D5800A2452D /* BirthdayNoteTaker */ = {
			isa = PBXNativeTarget;
			buildConfigurationList = EEEA20752BB70D5900A2452D /* Build configuration list for PBXNativeTarget "BirthdayNoteTaker" */;
			buildPhases = (
				EEEA20472BB70D5800A2452D /* Sources */,
				EEEA20482BB70D5800A2452D /* Frameworks */,
				EEEA20492BB70D5800A2452D /* Resources */,
			);
			buildRules = (
			);
			dependencies = (
			);
			name = BirthdayNoteTaker;
			productName = BirthdayNoteTaker;
			productReference = EEEA204B2BB70D5800A2452D /* BirthdayNoteTaker.app */;
			productType = "com.apple.product-type.application";
		};
		EEEA20602BB70D5900A2452D /* BirthdayNoteTakerTests */ = {
			isa = PBXNativeTarget;
			buildConfigurationList = EEEA20782BB70D5900A2452D /* Build configuration list for PBXNativeTarget "BirthdayNoteTakerTests" */;
			buildPhases = (
				EEEA205D2BB70D5900A2452D /* Sources */,
				EEEA205E2BB70D5900A2452D /* Frameworks */,
				EEEA205F2BB70D5900A2452D /* Resources */,
			);
			buildRules = (
			);
			dependencies = (
				EEEA20632BB70D5900A2452D /* PBXTargetDependency */,
			);
			name = BirthdayNoteTakerTests;
			productName = BirthdayNoteTakerTests;
			productReference = EEEA20612BB70D5900A2452D /* BirthdayNoteTakerTests.xctest */;
			productType = "com.apple.product-type.bundle.unit-test";
		};
		EEEA206A2BB70D5900A2452D /* BirthdayNoteTakerUITests */ = {
			isa = PBXNativeTarget;
			buildConfigurationList = EEEA207B2BB70D5900A2452D /* Build configuration list for PBXNativeTarget "BirthdayNoteTakerUITests" */;
			buildPhases = (
				EEEA20672BB70D5900A2452D /* Sources */,
				EEEA20682BB70D5900A2452D /* Frameworks */,
				EEEA20692BB70D5900A2452D /* Resources */,
			);
			buildRules = (
			);
			dependencies = (
				EEEA206D2BB70D5900A2452D /* PBXTargetDependency */,
			);
			name = BirthdayNoteTakerUITests;
			productName = BirthdayNoteTakerUITests;
			productReference = EEEA206B2BB70D5900A2452D /* BirthdayNoteTakerUITests.xctest */;
			productType = "com.apple.product-type.bundle.ui-testing";
		};
/* End PBXNativeTarget section */

/* Begin PBXProject section */
		EEEA20432BB70D5800A2452D /* Project object */ = {
			isa = PBXProject;
			attributes = {
				BuildIndependentTargetsInParallel = 1;
				LastSwiftUpdateCheck = 1520;
				LastUpgradeCheck = 1520;
				TargetAttributes = {
					EEEA204A2BB70D5800A2452D = {
						CreatedOnToolsVersion = 15.2;
					};
					EEEA20602BB70D5900A2452D = {
						CreatedOnToolsVersion = 15.2;
						TestTargetID = EEEA204A2BB70D5800A2452D;
					};
					EEEA206A2BB70D5900A2452D = {
						CreatedOnToolsVersion = 15.2;
						TestTargetID = EEEA204A2BB70D5800A2452D;
					};
				};
			};
			buildConfigurationList = EEEA20462BB70D5800A2452D /* Build configuration list for PBXProject "BirthdayNoteTaker" */;
			compatibilityVersion = "Xcode 14.0";
			developmentRegion = en;
			hasScannedForEncodings = 0;
			knownRegions = (
				en,
				Base,
			);
			mainGroup = EEEA20422BB70D5800A2452D;
			productRefGroup = EEEA204C2BB70D5800A2452D /* Products */;
			projectDirPath = "";
			projectRoot = "";
			targets = (
				EEEA204A2BB70D5800A2452D /* BirthdayNoteTaker */,
				EEEA20602BB70D5900A2452D /* BirthdayNoteTakerTests */,
				EEEA206A2BB70D5900A2452D /* BirthdayNoteTakerUITests */,
			);
		};
/* End PBXProject section */

/* Begin PBXResourcesBuildPhase section */
		EEEA20492BB70D5800A2452D /* Resources */ = {
			isa = PBXResourcesBuildPhase;
			buildActionMask = 2147483647;
			files = (
				EEEA205B2BB70D5900A2452D /* LaunchScreen.storyboard in Resources */,
				EEEA20582BB70D5900A2452D /* Assets.xcassets in Resources */,
				EEEA20562BB70D5800A2452D /* Main.storyboard in Resources */,
			);
			runOnlyForDeploymentPostprocessing = 0;
		};
		EEEA205F2BB70D5900A2452D /* Resources */ = {
			isa = PBXResourcesBuildPhase;
			buildActionMask = 2147483647;
			files = (
			);
			runOnlyForDeploymentPostprocessing = 0;
		};
		EEEA20692BB70D5900A2452D /* Resources */ = {
			isa = PBXResourcesBuildPhase;
			buildActionMask = 2147483647;
			files = (
			);
			runOnlyForDeploymentPostprocessing = 0;
		};
/* End PBXResourcesBuildPhase section */

/* Begin PBXSourcesBuildPhase section */
		EEEA20472BB70D5800A2452D /* Sources */ = {
			isa = PBXSourcesBuildPhase;
			buildActionMask = 2147483647;
			files = (
				EEEA20532BB70D5800A2452D /* ViewController.swift in Sources */,
				EEEA204F2BB70D5800A2452D /* AppDelegate.swift in Sources */,
				EEEA20512BB70D5800A2452D /* SceneDelegate.swift in Sources */,
			);
			runOnlyForDeploymentPostprocessing = 0;
		};
		EEEA205D2BB70D5900A2452D /* Sources */ = {
			isa = PBXSourcesBuildPhase;
			buildActionMask = 2147483647;
			files = (
				EEEA20662BB70D5900A2452D /* BirthdayNoteTakerTests.swift in Sources */,
			);
			runOnlyForDeploymentPostprocessing = 0;
		};
		EEEA20672BB70D5900A2452D /* Sources */ = {
			isa = PBXSourcesBuildPhase;
			buildActionMask = 2147483647;
			files = (
				EEEA20702BB70D5900A2452D /* BirthdayNoteTakerUITests.swift in Sources */,
				EEEA20722BB70D5900A2452D /* BirthdayNoteTakerUITestsLaunchTests.swift in Sources */,
			);
			runOnlyForDeploymentPostprocessing = 0;
		};
/* End PBXSourcesBuildPhase section */

/* Begin PBXTargetDependency section */
		EEEA20632BB70D5900A2452D /* PBXTargetDependency */ = {
			isa = PBXTargetDependency;
			target = EEEA204A2BB70D5800A2452D /* BirthdayNoteTaker */;
			targetProxy = EEEA20622BB70D5900A2452D /* PBXContainerItemProxy */;
		};
		EEEA206D2BB70D5900A2452D /* PBXTargetDependency */ = {
			isa = PBXTargetDependency;
			target = EEEA204A2BB70D5800A2452D /* BirthdayNoteTaker */;
			targetProxy = EEEA206C2BB70D5900A2452D /* PBXContainerItemProxy */;
		};
/* End PBXTargetDependency section */

/* Begin PBXVariantGroup section */
		EEEA20542BB70D5800A2452D /* Main.storyboard */ = {
			isa = PBXVariantGroup;
			children = (
				EEEA20552BB70D5800A2452D /* Base */,
			);
			name = Main.storyboard;
			sourceTree = "<group>";
		};
		EEEA20592BB70D5900A2452D /* LaunchScreen.storyboard */ = {
			isa = PBXVariantGroup;
			children = (
				EEEA205A2BB70D5900A2452D /* Base */,
			);
			name = LaunchScreen.storyboard;
			sourceTree = "<group>";
		};
/* End PBXVariantGroup section */

/* Begin XCBuildConfiguration section */
		EEEA20732BB70D5900A2452D /* Debug */ = {
			isa = XCBuildConfiguration;
			buildSettings = {
				ALWAYS_SEARCH_USER_PATHS = NO;
				ASSETCATALOG_COMPILER_GENERATE_SWIFT_ASSET_SYMBOL_EXTENSIONS = YES;
				CLANG_ANALYZER_NONNULL = YES;
				CLANG_ANALYZER_NUMBER_OBJECT_CONVERSION = YES_AGGRESSIVE;
				CLANG_CXX_LANGUAGE_STANDARD = "gnu++20";
				CLANG_ENABLE_MODULES = YES;
				CLANG_ENABLE_OBJC_ARC = YES;
				CLANG_ENABLE_OBJC_WEAK = YES;
				CLANG_WARN_BLOCK_CAPTURE_AUTORELEASING = YES;
				CLANG_WARN_BOOL_CONVERSION = YES;
				CLANG_WARN_COMMA = YES;
				CLANG_WARN_CONSTANT_CONVERSION = YES;
				CLANG_WARN_DEPRECATED_OBJC_IMPLEMENTATIONS = YES;
				CLANG_WARN_DIRECT_OBJC_ISA_USAGE = YES_ERROR;
				CLANG_WARN_DOCUMENTATION_COMMENTS = YES;
				CLANG_WARN_EMPTY_BODY = YES;
				CLANG_WARN_ENUM_CONVERSION = YES;
				CLANG_WARN_INFINITE_RECURSION = YES;
				CLANG_WARN_INT_CONVERSION = YES;
				CLANG_WARN_NON_LITERAL_NULL_CONVERSION = YES;
				CLANG_WARN_OBJC_IMPLICIT_RETAIN_SELF = YES;
				CLANG_WARN_OBJC_LITERAL_CONVERSION = YES;
				CLANG_WARN_OBJC_ROOT_CLASS = YES_ERROR;
				CLANG_WARN_QUOTED_INCLUDE_IN_FRAMEWORK_HEADER = YES;
				CLANG_WARN_RANGE_LOOP_ANALYSIS = YES;
				CLANG_WARN_STRICT_PROTOTYPES = YES;
				CLANG_WARN_SUSPICIOUS_MOVE = YES;
				CLANG_WARN_UNGUARDED_AVAILABILITY = YES_AGGRESSIVE;
				CLANG_WARN_UNREACHABLE_CODE = YES;
				CLANG_WARN__DUPLICATE_METHOD_MATCH = YES;
				COPY_PHASE_STRIP = NO;
				DEBUG_INFORMATION_FORMAT = dwarf;
				ENABLE_STRICT_OBJC_MSGSEND = YES;
				ENABLE_TESTABILITY = YES;
				ENABLE_USER_SCRIPT_SANDBOXING = YES;
				GCC_C_LANGUAGE_STANDARD = gnu17;
				GCC_DYNAMIC_NO_PIC = NO;
				GCC_NO_COMMON_BLOCKS = YES;
				GCC_OPTIMIZATION_LEVEL = 0;
				GCC_PREPROCESSOR_DEFINITIONS = (
					"DEBUG=1",
					"$(inherited)",
				);
				GCC_WARN_64_TO_32_BIT_CONVERSION = YES;
				GCC_WARN_ABOUT_RETURN_TYPE = YES_ERROR;
				GCC_WARN_UNDECLARED_SELECTOR = YES;
				GCC_WARN_UNINITIALIZED_AUTOS = YES_AGGRESSIVE;
				GCC_WARN_UNUSED_FUNCTION = YES;
				GCC_WARN_UNUSED_VARIABLE = YES;
				IPHONEOS_DEPLOYMENT_TARGET = 17.2;
				LOCALIZATION_PREFERS_STRING_CATALOGS = YES;
				MTL_ENABLE_DEBUG_INFO = INCLUDE_SOURCE;
				MTL_FAST_MATH = YES;
				ONLY_ACTIVE_ARCH = YES;
				SDKROOT = iphoneos;
				SWIFT_ACTIVE_COMPILATION_CONDITIONS = "DEBUG $(inherited)";
				SWIFT_OPTIMIZATION_LEVEL = "-Onone";
			};
			name = Debug;
		};
		EEEA20742BB70D5900A2452D /* Release */ = {
			isa = XCBuildConfiguration;
			buildSettings = {
				ALWAYS_SEARCH_USER_PATHS = NO;
				ASSETCATALOG_COMPILER_GENERATE_SWIFT_ASSET_SYMBOL_EXTENSIONS = YES;
				CLANG_ANALYZER_NONNULL = YES;
				CLANG_ANALYZER_NUMBER_OBJECT_CONVERSION = YES_AGGRESSIVE;
				CLANG_CXX_LANGUAGE_STANDARD = "gnu++20";
				CLANG_ENABLE_MODULES = YES;
				CLANG_ENABLE_OBJC_ARC = YES;
				CLANG_ENABLE_OBJC_WEAK = YES;
				CLANG_WARN_BLOCK_CAPTURE_AUTORELEASING = YES;
				CLANG_WARN_BOOL_CONVERSION = YES;
				CLANG_WARN_COMMA = YES;
				CLANG_WARN_CONSTANT_CONVERSION = YES;
				CLANG_WARN_DEPRECATED_OBJC_IMPLEMENTATIONS = YES;
				CLANG_WARN_DIRECT_OBJC_ISA_USAGE = YES_ERROR;
				CLANG_WARN_DOCUMENTATION_COMMENTS = YES;
				CLANG_WARN_EMPTY_BODY = YES;
				CLANG_WARN_ENUM_CONVERSION = YES;
				CLANG_WARN_INFINITE_RECURSION = YES;
				CLANG_WARN_INT_CONVERSION = YES;
				CLANG_WARN_NON_LITERAL_NULL_CONVERSION = YES;
				CLANG_WARN_OBJC_IMPLICIT_RETAIN_SELF = YES;
				CLANG_WARN_OBJC_LITERAL_CONVERSION = YES;
				CLANG_WARN_OBJC_ROOT_CLASS = YES_ERROR;
				CLANG_WARN_QUOTED_INCLUDE_IN_FRAMEWORK_HEADER = YES;
				CLANG_WARN_RANGE_LOOP_ANALYSIS = YES;
				CLANG_WARN_STRICT_PROTOTYPES = YES;
				CLANG_WARN_SUSPICIOUS_MOVE = YES;
				CLANG_WARN_UNGUARDED_AVAILABILITY = YES_AGGRESSIVE;
				CLANG_WARN_UNREACHABLE_CODE = YES;
				CLANG_WARN__DUPLICATE_METHOD_MATCH = YES;
				COPY_PHASE_STRIP = NO;
				DEBUG_INFORMATION_FORMAT = "dwarf-with-dsym";
				ENABLE_NS_ASSERTIONS = NO;
				ENABLE_STRICT_OBJC_MSGSEND = YES;
				ENABLE_USER_SCRIPT_SANDBOXING = YES;
				GCC_C_LANGUAGE_STANDARD = gnu17;
				GCC_NO_COMMON_BLOCKS = YES;
				GCC_WARN_64_TO_32_BIT_CONVERSION = YES;
				GCC_WARN_ABOUT_RETURN_TYPE = YES_ERROR;
				GCC_WARN_UNDECLARED_SELECTOR = YES;
				GCC_WARN_UNINITIALIZED_AUTOS = YES_AGGRESSIVE;
				GCC_WARN_UNUSED_FUNCTION = YES;
				GCC_WARN_UNUSED_VARIABLE = YES;
				IPHONEOS_DEPLOYMENT_TARGET = 17.2;
				LOCALIZATION_PREFERS_STRING_CATALOGS = YES;
				MTL_ENABLE_DEBUG_INFO = NO;
				MTL_FAST_MATH = YES;
				SDKROOT = iphoneos;
				SWIFT_COMPILATION_MODE = wholemodule;
				VALIDATE_PRODUCT = YES;
			};
			name = Release;
		};
		EEEA20762BB70D5900A2452D /* Debug */ = {
			isa = XCBuildConfiguration;
			buildSettings = {
				ASSETCATALOG_COMPILER_APPICON_NAME = AppIcon;
				ASSETCATALOG_COMPILER_GLOBAL_ACCENT_COLOR_NAME = AccentColor;
				CODE_SIGN_STYLE = Automatic;
				CURRENT_PROJECT_VERSION = 1;
				GENERATE_INFOPLIST_FILE = YES;
				INFOPLIST_FILE = BirthdayNoteTaker/Info.plist;
				INFOPLIST_KEY_UIApplicationSupportsIndirectInputEvents = YES;
				INFOPLIST_KEY_UILaunchStoryboardName = LaunchScreen;
				INFOPLIST_KEY_UIMainStoryboardFile = Main;
				INFOPLIST_KEY_UISupportedInterfaceOrientations_iPad = "UIInterfaceOrientationPortrait UIInterfaceOrientationPortraitUpsideDown UIInterfaceOrientationLandscapeLeft UIInterfaceOrientationLandscapeRight";
				INFOPLIST_KEY_UISupportedInterfaceOrientations_iPhone = "UIInterfaceOrientationPortrait UIInterfaceOrientationLandscapeLeft UIInterfaceOrientationLandscapeRight";
				LD_RUNPATH_SEARCH_PATHS = (
					"$(inherited)",
					"@executable_path/Frameworks",
				);
				MARKETING_VERSION = 1.0;
				PRODUCT_BUNDLE_IDENTIFIER = com.SchuylerWinn.BirthdayNoteTaker;
				PRODUCT_NAME = "$(TARGET_NAME)";
				SWIFT_EMIT_LOC_STRINGS = YES;
				SWIFT_VERSION = 5.0;
				TARGETED_DEVICE_FAMILY = "1,2";
			};
			name = Debug;
		};
		EEEA20772BB70D5900A2452D /* Release */ = {
			isa = XCBuildConfiguration;
			buildSettings = {
				ASSETCATALOG_COMPILER_APPICON_NAME = AppIcon;
				ASSETCATALOG_COMPILER_GLOBAL_ACCENT_COLOR_NAME = AccentColor;
				CODE_SIGN_STYLE = Automatic;
				CURRENT_PROJECT_VERSION = 1;
				GENERATE_INFOPLIST_FILE = YES;
				INFOPLIST_FILE = BirthdayNoteTaker/Info.plist;
				INFOPLIST_KEY_UIApplicationSupportsIndirectInputEvents = YES;
				INFOPLIST_KEY_UILaunchStoryboardName = LaunchScreen;
				INFOPLIST_KEY_UIMainStoryboardFile = Main;
				INFOPLIST_KEY_UISupportedInterfaceOrientations_iPad = "UIInterfaceOrientationPortrait UIInterfaceOrientationPortraitUpsideDown UIInterfaceOrientationLandscapeLeft UIInterfaceOrientationLandscapeRight";
				INFOPLIST_KEY_UISupportedInterfaceOrientations_iPhone = "UIInterfaceOrientationPortrait UIInterfaceOrientationLandscapeLeft UIInterfaceOrientationLandscapeRight";
				LD_RUNPATH_SEARCH_PATHS = (
					"$(inherited)",
					"@executable_path/Frameworks",
				);
				MARKETING_VERSION = 1.0;
				PRODUCT_BUNDLE_IDENTIFIER = com.SchuylerWinn.BirthdayNoteTaker;
				PRODUCT_NAME = "$(TARGET_NAME)";
				SWIFT_EMIT_LOC_STRINGS = YES;
				SWIFT_VERSION = 5.0;
				TARGETED_DEVICE_FAMILY = "1,2";
			};
			name = Release;
		};
		EEEA20792BB70D5900A2452D /* Debug */ = {
			isa = XCBuildConfiguration;
			buildSettings = {
				ALWAYS_EMBED_SWIFT_STANDARD_LIBRARIES = YES;
				BUNDLE_LOADER = "$(TEST_HOST)";
				CODE_SIGN_STYLE = Automatic;
				CURRENT_PROJECT_VERSION = 1;
				GENERATE_INFOPLIST_FILE = YES;
				IPHONEOS_DEPLOYMENT_TARGET = 17.2;
				MARKETING_VERSION = 1.0;
				PRODUCT_BUNDLE_IDENTIFIER = com.SchuylerWinn.BirthdayNoteTakerTests;
				PRODUCT_NAME = "$(TARGET_NAME)";
				SWIFT_EMIT_LOC_STRINGS = NO;
				SWIFT_VERSION = 5.0;
				TARGETED_DEVICE_FAMILY = "1,2";
				TEST_HOST = "$(BUILT_PRODUCTS_DIR)/BirthdayNoteTaker.app/$(BUNDLE_EXECUTABLE_FOLDER_PATH)/BirthdayNoteTaker";
			};
			name = Debug;
		};
		EEEA207A2BB70D5900A2452D /* Release */ = {
			isa = XCBuildConfiguration;
			buildSettings = {
				ALWAYS_EMBED_SWIFT_STANDARD_LIBRARIES = YES;
				BUNDLE_LOADER = "$(TEST_HOST)";
				CODE_SIGN_STYLE = Automatic;
				CURRENT_PROJECT_VERSION = 1;
				GENERATE_INFOPLIST_FILE = YES;
				IPHONEOS_DEPLOYMENT_TARGET = 17.2;
				MARKETING_VERSION = 1.0;
				PRODUCT_BUNDLE_IDENTIFIER = com.SchuylerWinn.BirthdayNoteTakerTests;
				PRODUCT_NAME = "$(TARGET_NAME)";
				SWIFT_EMIT_LOC_STRINGS = NO;
				SWIFT_VERSION = 5.0;
				TARGETED_DEVICE_FAMILY = "1,2";
				TEST_HOST = "$(BUILT_PRODUCTS_DIR)/BirthdayNoteTaker.app/$(BUNDLE_EXECUTABLE_FOLDER_PATH)/BirthdayNoteTaker";
			};
			name = Release;
		};
		EEEA207C2BB70D5900A2452D /* Debug */ = {
			isa = XCBuildConfiguration;
			buildSettings = {
				ALWAYS_EMBED_SWIFT_STANDARD_LIBRARIES = YES;
				CODE_SIGN_STYLE = Automatic;
				CURRENT_PROJECT_VERSION = 1;
				GENERATE_INFOPLIST_FILE = YES;
				MARKETING_VERSION = 1.0;
				PRODUCT_BUNDLE_IDENTIFIER = com.SchuylerWinn.BirthdayNoteTakerUITests;
				PRODUCT_NAME = "$(TARGET_NAME)";
				SWIFT_EMIT_LOC_STRINGS = NO;
				SWIFT_VERSION = 5.0;
				TARGETED_DEVICE_FAMILY = "1,2";
				TEST_TARGET_NAME = BirthdayNoteTaker;
			};
			name = Debug;
		};
		EEEA207D2BB70D5900A2452D /* Release */ = {
			isa = XCBuildConfiguration;
			buildSettings = {
				ALWAYS_EMBED_SWIFT_STANDARD_LIBRARIES = YES;
				CODE_SIGN_STYLE = Automatic;
				CURRENT_PROJECT_VERSION = 1;
				GENERATE_INFOPLIST_FILE = YES;
				MARKETING_VERSION = 1.0;
				PRODUCT_BUNDLE_IDENTIFIER = com.SchuylerWinn.BirthdayNoteTakerUITests;
				PRODUCT_NAME = "$(TARGET_NAME)";
				SWIFT_EMIT_LOC_STRINGS = NO;
				SWIFT_VERSION = 5.0;
				TARGETED_DEVICE_FAMILY = "1,2";
				TEST_TARGET_NAME = BirthdayNoteTaker;
			};
			name = Release;
		};
/* End XCBuildConfiguration section */

/* Begin XCConfigurationList section */
		EEEA20462BB70D5800A2452D /* Build configuration list for PBXProject "BirthdayNoteTaker" */ = {
			isa = XCConfigurationList;
			buildConfigurations = (
				EEEA20732BB70D5900A2452D /* Debug */,
				EEEA20742BB70D5900A2452D /* Release */,
			);
			defaultConfigurationIsVisible = 0;
			defaultConfigurationName = Release;
		};
		EEEA20752BB70D5900A2452D /* Build configuration list for PBXNativeTarget "BirthdayNoteTaker" */ = {
			isa = XCConfigurationList;
			buildConfigurations = (
				EEEA20762BB70D5900A2452D /* Debug */,
				EEEA20772BB70D5900A2452D /* Release */,
			);
			defaultConfigurationIsVisible = 0;
			defaultConfigurationName = Release;
		};
		EEEA20782BB70D5900A2452D /* Build configuration list for PBXNativeTarget "BirthdayNoteTakerTests" */ = {
			isa = XCConfigurationList;
			buildConfigurations = (
				EEEA20792BB70D5900A2452D /* Debug */,
				EEEA207A2BB70D5900A2452D /* Release */,
			);
			defaultConfigurationIsVisible = 0;
			defaultConfigurationName = Release;
		};
		EEEA207B2BB70D5900A2452D /* Build configuration list for PBXNativeTarget "BirthdayNoteTakerUITests" */ = {
			isa = XCConfigurationList;
			buildConfigurations = (
				EEEA207C2BB70D5900A2452D /* Debug */,
				EEEA207D2BB70D5900A2452D /* Release */,
			);
			defaultConfigurationIsVisible = 0;
			defaultConfigurationName = Release;
		};
/* End XCConfigurationList section */
	};
	rootObject = EEEA20432BB70D5800A2452D /* Project object */;
}
